github.com/docker/distribution v2.8.1+incompatible h1:Q50tZOPR6T/hjNsyc9g8/syEs6bk8XXApsHjKukMl68=
github.com/docker/distribution v2.8.1+incompatible/go.mod h1:J2gT2udsDAN96Uj4KfcMRqY0/ypR+oyYUYmja8H+y+w=
github.com/google/go-containerregistry v0.10.0 h1:qd/fv2nQajGZJenaNcdaghlwSPjQ0NphN9hzArr2WWg=
github.com/google/go-containerregistry v0.10.0/go.mod h1:C7uwbB1QUAtvnknyd3ethxJRd4gtEjU/9WLXzckfI1Y=
